
Microsoft Visual Studio Solution File, Format Version 12.00
# Visual Studio Version 17
VisualStudioVersion = 17.0.31903.59
MinimumVisualStudioVersion = 10.0.40219.1
Project("{9A19103F-16F7-4668-BE54-9A1E7A4F7556}") = "ESourcing.Products", "ESourcing.Products\ESourcing.Products.csproj", "{45ABFE0B-5E74-471E-B561-F914C551FE33}"
EndProject
Project("{E53339B2-1760-4266-BCC7-CA923CBCF16C}") = "docker-compose", "docker-compose.dcproj", "{20C27EF7-FD12-4A79-ADC5-B50E91833B82}"
EndProject
Global
	GlobalSection(SolutionConfigurationPlatforms) = preSolution
		Debug|Any CPU = Debug|Any CPU
		Release|Any CPU = Release|Any CPU
	EndGlobalSection
	GlobalSection(ProjectConfigurationPlatforms) = postSolution
		{45ABFE0B-5E74-471E-B561-F914C551FE33}.Debug|Any CPU.ActiveCfg = Debug|Any CPU
		{45ABFE0B-5E74-471E-B561-F914C551FE33}.Debug|Any CPU.Build.0 = Debug|Any CPU
		{45ABFE0B-5E74-471E-B561-F914C551FE33}.Release|Any CPU.ActiveCfg = Release|Any CPU
		{45ABFE0B-5E74-471E-B561-F914C551FE33}.Release|Any CPU.Build.0 = Release|Any CPU
		{20C27EF7-FD12-4A79-ADC5-B50E91833B82}.Debug|Any CPU.ActiveCfg = Debug|Any CPU
		{20C27EF7-FD12-4A79-ADC5-B50E91833B82}.Debug|Any CPU.Build.0 = Debug|Any CPU
		{20C27EF7-FD12-4A79-ADC5-B50E91833B82}.Release|Any CPU.ActiveCfg = Release|Any CPU
		{20C27EF7-FD12-4A79-ADC5-B50E91833B82}.Release|Any CPU.Build.0 = Release|Any CPU
	EndGlobalSection
	GlobalSection(SolutionProperties) = preSolution
		HideSolutionNode = FALSE
	EndGlobalSection
	GlobalSection(ExtensibilityGlobals) = postSolution
		SolutionGuid = {E6819222-D19D-4C7D-A7C2-9B49E1EBC4A3}
	EndGlobalSection
EndGlobal
