
Microsoft Visual Studio Solution File, Format Version 12.00
# Visual Studio Version 17
VisualStudioVersion = 17.0.31903.59
MinimumVisualStudioVersion = 10.0.40219.1
Project("{9A19103F-16F7-4668-BE54-9A1E7A4F7556}") = "ESourcing.Products", "ESourcing.Products\ESourcing.Products.csproj", "{45ABFE0B-5E74-471E-B561-F914C551FE33}"
EndProject
Project("{E53339B2-1760-4266-BCC7-CA923CBCF16C}") = "docker-compose", "docker-compose.dcproj", "{20C27EF7-FD12-4A79-ADC5-B50E91833B82}"
EndProject
Project("{2150E333-8FDC-42A3-9474-1A3956D46DE8}") = "ApiGateway", "ApiGateway", "{DC18D2C1-01B7-4F08-9973-833C5306CE8E}"
EndProject
Project("{2150E333-8FDC-42A3-9474-1A3956D46DE8}") = "src", "src", "{337502A4-4179-40E7-96D6-8BA7D9A2F4B4}"
EndProject
Project("{2150E333-8FDC-42A3-9474-1A3956D46DE8}") = "services", "services", "{F50398B1-0AAE-4535-9B03-9CB18CDDE1C5}"
EndProject
Project("{2150E333-8FDC-42A3-9474-1A3956D46DE8}") = "Products", "Products", "{46D88306-533D-4ACC-9E42-B5A4C5EA1EC4}"
EndProject
Project("{2150E333-8FDC-42A3-9474-1A3956D46DE8}") = "sourcing", "sourcing", "{137FC35D-8499-4A80-8372-F65D38B0F489}"
EndProject
Project("{9A19103F-16F7-4668-BE54-9A1E7A4F7556}") = "Esourcing.Sourcing", "Esourcing.Sourcing\Esourcing.Sourcing.csproj", "{BC2A2F65-A379-4C20-9507-7C9BE8655266}"
EndProject
Project("{2150E333-8FDC-42A3-9474-1A3956D46DE8}") = "Common", "Common", "{D669AD04-3BD5-4BA3-9619-2796B0DA8B26}"
EndProject
Project("{FAE04EC0-301F-11D3-BF4B-00C04F79EFBC}") = "EventBusRabbitMQ", "EventBusRabbitMQ\EventBusRabbitMQ.csproj", "{A66ACF54-1018-4327-AF9B-A53E384B5C32}"
EndProject
Global
	GlobalSection(SolutionConfigurationPlatforms) = preSolution
		Debug|Any CPU = Debug|Any CPU
		Release|Any CPU = Release|Any CPU
	EndGlobalSection
	GlobalSection(ProjectConfigurationPlatforms) = postSolution
		{45ABFE0B-5E74-471E-B561-F914C551FE33}.Debug|Any CPU.ActiveCfg = Debug|Any CPU
		{45ABFE0B-5E74-471E-B561-F914C551FE33}.Debug|Any CPU.Build.0 = Debug|Any CPU
		{45ABFE0B-5E74-471E-B561-F914C551FE33}.Release|Any CPU.ActiveCfg = Release|Any CPU
		{45ABFE0B-5E74-471E-B561-F914C551FE33}.Release|Any CPU.Build.0 = Release|Any CPU
		{20C27EF7-FD12-4A79-ADC5-B50E91833B82}.Debug|Any CPU.ActiveCfg = Debug|Any CPU
		{20C27EF7-FD12-4A79-ADC5-B50E91833B82}.Debug|Any CPU.Build.0 = Debug|Any CPU
		{20C27EF7-FD12-4A79-ADC5-B50E91833B82}.Release|Any CPU.ActiveCfg = Release|Any CPU
		{20C27EF7-FD12-4A79-ADC5-B50E91833B82}.Release|Any CPU.Build.0 = Release|Any CPU
		{BC2A2F65-A379-4C20-9507-7C9BE8655266}.Debug|Any CPU.ActiveCfg = Debug|Any CPU
		{BC2A2F65-A379-4C20-9507-7C9BE8655266}.Debug|Any CPU.Build.0 = Debug|Any CPU
		{BC2A2F65-A379-4C20-9507-7C9BE8655266}.Release|Any CPU.ActiveCfg = Release|Any CPU
		{BC2A2F65-A379-4C20-9507-7C9BE8655266}.Release|Any CPU.Build.0 = Release|Any CPU
		{A66ACF54-1018-4327-AF9B-A53E384B5C32}.Debug|Any CPU.ActiveCfg = Debug|Any CPU
		{A66ACF54-1018-4327-AF9B-A53E384B5C32}.Debug|Any CPU.Build.0 = Debug|Any CPU
		{A66ACF54-1018-4327-AF9B-A53E384B5C32}.Release|Any CPU.ActiveCfg = Release|Any CPU
		{A66ACF54-1018-4327-AF9B-A53E384B5C32}.Release|Any CPU.Build.0 = Release|Any CPU
	EndGlobalSection
	GlobalSection(SolutionProperties) = preSolution
		HideSolutionNode = FALSE
	EndGlobalSection
	GlobalSection(NestedProjects) = preSolution
		{45ABFE0B-5E74-471E-B561-F914C551FE33} = {46D88306-533D-4ACC-9E42-B5A4C5EA1EC4}
		{DC18D2C1-01B7-4F08-9973-833C5306CE8E} = {337502A4-4179-40E7-96D6-8BA7D9A2F4B4}
		{F50398B1-0AAE-4535-9B03-9CB18CDDE1C5} = {337502A4-4179-40E7-96D6-8BA7D9A2F4B4}
		{46D88306-533D-4ACC-9E42-B5A4C5EA1EC4} = {F50398B1-0AAE-4535-9B03-9CB18CDDE1C5}
		{137FC35D-8499-4A80-8372-F65D38B0F489} = {F50398B1-0AAE-4535-9B03-9CB18CDDE1C5}
		{BC2A2F65-A379-4C20-9507-7C9BE8655266} = {137FC35D-8499-4A80-8372-F65D38B0F489}
		{D669AD04-3BD5-4BA3-9619-2796B0DA8B26} = {F50398B1-0AAE-4535-9B03-9CB18CDDE1C5}
		{A66ACF54-1018-4327-AF9B-A53E384B5C32} = {D669AD04-3BD5-4BA3-9619-2796B0DA8B26}
	EndGlobalSection
	GlobalSection(ExtensibilityGlobals) = postSolution
		SolutionGuid = {E6819222-D19D-4C7D-A7C2-9B49E1EBC4A3}
	EndGlobalSection
EndGlobal
